
Microsoft Visual Studio Solution File, Format Version 12.00
# Visual Studio Version 17
VisualStudioVersion = 17.9.34723.18
MinimumVisualStudioVersion = 10.0.40219.1
Project("{9A19103F-16F7-4668-BE54-9A1E7A4F7556}") = "ffrd-sampling-demo", "ffrd-sampling-demo\ffrd-sampling-demo.csproj", "{72CA2570-7D85-4085-BD51-014846E7F4E3}"
EndProject
Global
	GlobalSection(SolutionConfigurationPlatforms) = preSolution
		Debug|Any CPU = Debug|Any CPU
		Release|Any CPU = Release|Any CPU
	EndGlobalSection
	GlobalSection(ProjectConfigurationPlatforms) = postSolution
		{72CA2570-7D85-4085-BD51-014846E7F4E3}.Debug|Any CPU.ActiveCfg = Debug|Any CPU
		{72CA2570-7D85-4085-BD51-014846E7F4E3}.Debug|Any CPU.Build.0 = Debug|Any CPU
		{72CA2570-7D85-4085-BD51-014846E7F4E3}.Release|Any CPU.ActiveCfg = Release|Any CPU
		{72CA2570-7D85-4085-BD51-014846E7F4E3}.Release|Any CPU.Build.0 = Release|Any CPU
	EndGlobalSection
	GlobalSection(SolutionProperties) = preSolution
		HideSolutionNode = FALSE
	EndGlobalSection
	GlobalSection(ExtensibilityGlobals) = postSolution
		SolutionGuid = {E1B18A60-A84F-41E7-B224-9ECB490EBEFE}
	EndGlobalSection
EndGlobal
